
Microsoft Visual Studio Solution File, Format Version 12.00
# Visual Studio 15
VisualStudioVersion = 15.0.27130.2024
MinimumVisualStudioVersion = 10.0.40219.1
Project("{FAE04EC0-301F-11D3-BF4B-00C04F79EFBC}") = "MemoQ.DemoPreviewTool", "MemoQ.DemoPreviewTool\MemoQ.DemoPreviewTool.csproj", "{B1290394-A7D7-417B-97BC-ADEE2932F3D4}"
EndProject
Project("{FAE04EC0-301F-11D3-BF4B-00C04F79EFBC}") = "MemoQ.PreviewInterfaces", "MemoQ.PreviewInterfaces\MemoQ.PreviewInterfaces.csproj", "{C54909AD-571C-4C6F-A99B-35F00CE7C143}"
EndProject
Project("{FAE04EC0-301F-11D3-BF4B-00C04F79EFBC}") = "MemoQ.WebPreview", "MemoQ.WebPreview\MemoQ.WebPreview.csproj", "{F99190C9-056D-4F98-9709-F1EB0EB6F500}"
EndProject
Global
	GlobalSection(SolutionConfigurationPlatforms) = preSolution
		Debug|Any CPU = Debug|Any CPU
		Release|Any CPU = Release|Any CPU
	EndGlobalSection
	GlobalSection(ProjectConfigurationPlatforms) = postSolution
		{B1290394-A7D7-417B-97BC-ADEE2932F3D4}.Debug|Any CPU.ActiveCfg = Debug|Any CPU
		{B1290394-A7D7-417B-97BC-ADEE2932F3D4}.Debug|Any CPU.Build.0 = Debug|Any CPU
		{B1290394-A7D7-417B-97BC-ADEE2932F3D4}.Release|Any CPU.ActiveCfg = Release|Any CPU
		{B1290394-A7D7-417B-97BC-ADEE2932F3D4}.Release|Any CPU.Build.0 = Release|Any CPU
		{C54909AD-571C-4C6F-A99B-35F00CE7C143}.Debug|Any CPU.ActiveCfg = Debug|Any CPU
		{C54909AD-571C-4C6F-A99B-35F00CE7C143}.Debug|Any CPU.Build.0 = Debug|Any CPU
		{C54909AD-571C-4C6F-A99B-35F00CE7C143}.Release|Any CPU.ActiveCfg = Release|Any CPU
		{C54909AD-571C-4C6F-A99B-35F00CE7C143}.Release|Any CPU.Build.0 = Release|Any CPU
		{F99190C9-056D-4F98-9709-F1EB0EB6F500}.Debug|Any CPU.ActiveCfg = Debug|Any CPU
		{F99190C9-056D-4F98-9709-F1EB0EB6F500}.Debug|Any CPU.Build.0 = Debug|Any CPU
		{F99190C9-056D-4F98-9709-F1EB0EB6F500}.Release|Any CPU.ActiveCfg = Release|Any CPU
		{F99190C9-056D-4F98-9709-F1EB0EB6F500}.Release|Any CPU.Build.0 = Release|Any CPU
	EndGlobalSection
	GlobalSection(SolutionProperties) = preSolution
		HideSolutionNode = FALSE
	EndGlobalSection
	GlobalSection(ExtensibilityGlobals) = postSolution
		SolutionGuid = {B59C801B-7A74-4930-A0D0-3CC2A9AC7413}
	EndGlobalSection
EndGlobal
